
Microsoft Visual Studio Solution File, Format Version 12.00
# Visual Studio Version 17
VisualStudioVersion = 17.3.32922.545
MinimumVisualStudioVersion = 10.0.40219.1
Project("{9A19103F-16F7-4668-BE54-9A1E7A4F7556}") = "MOK_MainInterface", "MOK_MainInterface.csproj", "{328306CC-A7BC-4B90-AA33-CD494A5608F5}"
EndProject
Project("{FAE04EC0-301F-11D3-BF4B-00C04F79EFBC}") = "UnitTest1", "..\UnitTest1\UnitTest1.csproj", "{2EFD0F3D-E1BB-4CB7-8354-AFA3CC874B82}"
EndProject
Global
	GlobalSection(SolutionConfigurationPlatforms) = preSolution
		Debug|Any CPU = Debug|Any CPU
		Release|Any CPU = Release|Any CPU
	EndGlobalSection
	GlobalSection(ProjectConfigurationPlatforms) = postSolution
		{328306CC-A7BC-4B90-AA33-CD494A5608F5}.Debug|Any CPU.ActiveCfg = Debug|Any CPU
		{328306CC-A7BC-4B90-AA33-CD494A5608F5}.Debug|Any CPU.Build.0 = Debug|Any CPU
		{328306CC-A7BC-4B90-AA33-CD494A5608F5}.Release|Any CPU.ActiveCfg = Release|Any CPU
		{328306CC-A7BC-4B90-AA33-CD494A5608F5}.Release|Any CPU.Build.0 = Release|Any CPU
		{2EFD0F3D-E1BB-4CB7-8354-AFA3CC874B82}.Debug|Any CPU.ActiveCfg = Debug|Any CPU
		{2EFD0F3D-E1BB-4CB7-8354-AFA3CC874B82}.Debug|Any CPU.Build.0 = Debug|Any CPU
		{2EFD0F3D-E1BB-4CB7-8354-AFA3CC874B82}.Release|Any CPU.ActiveCfg = Release|Any CPU
		{2EFD0F3D-E1BB-4CB7-8354-AFA3CC874B82}.Release|Any CPU.Build.0 = Release|Any CPU
	EndGlobalSection
	GlobalSection(SolutionProperties) = preSolution
		HideSolutionNode = FALSE
	EndGlobalSection
	GlobalSection(ExtensibilityGlobals) = postSolution
		SolutionGuid = {BFD4B574-3DCA-4E3C-A8A1-7E9EA11FDE10}
	EndGlobalSection
EndGlobal
